# This file is automatically @generated by Cargo.
# It is not intended for manual editing.
version = 3

[[package]]
name = "combination"
version = "0.1.5"
source = "registry+https://github.com/rust-lang/crates.io-index"
checksum = "337cdbf3f1a0e643b4a7d1a2ffa39d22342fb6ee25739b5cfb997c28b3586422"

[[package]]
name = "exercise-sjs"
version = "0.1.0"
dependencies = [
 "combination",
]
